{
  "lockfileVersion": 1,
  "configVersion": 1,
  "workspaces": {
    "": {
      "name": "glb-converter",
      "dependencies": {
        "draco3dgltf": "^1.5.7",
      },
    },
  },
  "packages": {
    "draco3dgltf": ["draco3dgltf@1.5.7", "", {}, "sha512-LeqcpmoHIyYUi0z70/H3tMkGj8QhqVxq6FJGPjlzR24BNkQ6jyMheMvFKJBI0dzGZrEOUyQEmZ8axM1xRrbRiw=="],
  }
}
